
Microsoft Visual Studio Solution File, Format Version 12.00
# Visual Studio Version 16
VisualStudioVersion = 16.0.31424.327
MinimumVisualStudioVersion = 10.0.40219.1
Project("{FAE04EC0-301F-11D3-BF4B-00C04F79EFBC}") = "SQLWithCSharp", "SQLWithCSharp\SQLWithCSharp.csproj", "{678B4437-EE42-45D9-A751-F44A17B75D07}"
EndProject
Global
	GlobalSection(SolutionConfigurationPlatforms) = preSolution
		Debug|Any CPU = Debug|Any CPU
		Release|Any CPU = Release|Any CPU
	EndGlobalSection
	GlobalSection(ProjectConfigurationPlatforms) = postSolution
		{678B4437-EE42-45D9-A751-F44A17B75D07}.Debug|Any CPU.ActiveCfg = Debug|Any CPU
		{678B4437-EE42-45D9-A751-F44A17B75D07}.Debug|Any CPU.Build.0 = Debug|Any CPU
		{678B4437-EE42-45D9-A751-F44A17B75D07}.Release|Any CPU.ActiveCfg = Release|Any CPU
		{678B4437-EE42-45D9-A751-F44A17B75D07}.Release|Any CPU.Build.0 = Release|Any CPU
	EndGlobalSection
	GlobalSection(SolutionProperties) = preSolution
		HideSolutionNode = FALSE
	EndGlobalSection
	GlobalSection(ExtensibilityGlobals) = postSolution
		SolutionGuid = {D08FFE55-117E-48AB-A777-667CA81BD7DA}
	EndGlobalSection
EndGlobal
